<?xml version="1.0" encoding="utf-8"?>
<Project ToolsVersion="4.0" xmlns="http://schemas.microsoft.com/developer/msbuild/2003">
  <ItemGroup>
    <Filter Include="third_party">
      <UniqueIdentifier>{e14c5569-57eb-41ba-88b8-39754f63c1bb}</UniqueIdentifier>
    </Filter>
    <Filter Include="third_party\FreeRDP">
      <UniqueIdentifier>{91f5f809-29e3-458f-84f5-beff70c32fd9}</UniqueIdentifier>
    </Filter>
    <Filter Include="third_party\FreeRDP\client">
      <UniqueIdentifier>{c0bb853e-7d78-4862-967a-ffc5c146777e}</UniqueIdentifier>
    </Filter>
    <Filter Include="third_party\FreeRDP\client\Windows">
      <UniqueIdentifier>{7dad790b-ab9f-412b-8b41-df4ae9570e18}</UniqueIdentifier>
    </Filter>
    <Filter Include="ClipboardSync">
      <UniqueIdentifier>{301ca04f-850e-4806-84fc-aa0ceea5945d}</UniqueIdentifier>
    </Filter>
    <Filter Include="ClipboardSync\pb">
      <UniqueIdentifier>{dcf415de-3662-41fb-b97c-fd54106d0d35}</UniqueIdentifier>
    </Filter>
    <Filter Include="ClipboardSync\src">
      <UniqueIdentifier>{4FC737F1-C7A5-4376-A066-2A32D752A2FF}</UniqueIdentifier>
      <Extensions>cpp;c;cc;cxx;c++;cppm;ixx;def;odl;idl;hpj;bat;asm;asmx</Extensions>
    </Filter>
    <Filter Include="ClipboardSync\src\client">
      <UniqueIdentifier>{73df69d7-e06b-4441-af54-2781ea876591}</UniqueIdentifier>
    </Filter>
    <Filter Include="ClipboardSync\src\server">
      <UniqueIdentifier>{a65026f3-0c18-4081-816b-a12080eb1d36}</UniqueIdentifier>
    </Filter>
    <Filter Include="ClipboardSync\res">
      <UniqueIdentifier>{67DA6AB6-F800-4c08-8B7A-83BB121AAD01}</UniqueIdentifier>
      <Extensions>rc;ico;cur;bmp;dlg;rc2;rct;bin;rgs;gif;jpg;jpeg;jpe;resx;tiff;tif;png;wav;mfcribbon-ms</Extensions>
    </Filter>
  </ItemGroup>
  <ItemGroup>
    <ClCompile Include="..\..\..\src\umutech\ClipboardSync\pb\clipboard.pb.cc">
      <Filter>ClipboardSync\pb</Filter>
    </ClCompile>
    <ClCompile Include="..\..\..\src\umutech\ClipboardSync\pb\regame_desk.pb.cc">
      <Filter>ClipboardSync\pb</Filter>
    </ClCompile>
    <ClCompile Include="..\..\..\src\umutech\ClipboardSync\src\client\client_app.cpp">
      <Filter>ClipboardSync\src\client</Filter>
    </ClCompile>
    <ClCompile Include="..\..\..\src\umutech\ClipboardSync\src\client\client_session.cpp">
      <Filter>ClipboardSync\src\client</Filter>
    </ClCompile>
    <ClCompile Include="..\..\..\src\umutech\ClipboardSync\src\client\clipboard_client.cpp">
      <Filter>ClipboardSync\src\client</Filter>
    </ClCompile>
    <ClCompile Include="..\..\..\src\umutech\ClipboardSync\src\client\root_certificates.cpp">
      <Filter>ClipboardSync\src\client</Filter>
    </ClCompile>
    <ClCompile Include="..\..\..\src\umutech\ClipboardSync\src\server\clipboard_service.cpp">
      <Filter>ClipboardSync\src\server</Filter>
    </ClCompile>
    <ClCompile Include="..\..\..\src\umutech\ClipboardSync\src\server\server_app.cpp">
      <Filter>ClipboardSync\src\server</Filter>
    </ClCompile>
    <ClCompile Include="..\..\..\src\umutech\ClipboardSync\src\server\service.cpp">
      <Filter>ClipboardSync\src\server</Filter>
    </ClCompile>
    <ClCompile Include="..\..\..\src\umutech\ClipboardSync\src\server\session.cpp">
      <Filter>ClipboardSync\src\server</Filter>
    </ClCompile>
    <ClCompile Include="..\..\..\src\umutech\ClipboardSync\src\clipboard_redirector.cpp">
      <Filter>ClipboardSync\src</Filter>
    </ClCompile>
    <ClCompile Include="..\..\..\src\umutech\ClipboardSync\src\ClipboardSync.cpp">
      <Filter>ClipboardSync\src</Filter>
    </ClCompile>
    <ClCompile Include="..\..\..\src\umutech\ClipboardSync\src\utils.cpp">
      <Filter>ClipboardSync\src</Filter>
    </ClCompile>
    <ClCompile Include="..\..\..\src\third_party\FreeRDP\client\Windows\wf_cliprdr.c">
      <Filter>third_party\FreeRDP\client\Windows</Filter>
    </ClCompile>
    <ClCompile Include="..\..\..\src\umutech\ClipboardSync\src\io_runner.cpp">
      <Filter>ClipboardSync\src</Filter>
    </ClCompile>
  </ItemGroup>
  <ItemGroup>
    <ClInclude Include="..\..\..\src\umutech\ClipboardSync\pb\clipboard.pb.h">
      <Filter>ClipboardSync\pb</Filter>
    </ClInclude>
    <ClInclude Include="..\..\..\src\umutech\ClipboardSync\pb\regame_desk.pb.h">
      <Filter>ClipboardSync\pb</Filter>
    </ClInclude>
    <ClInclude Include="..\..\..\src\umutech\ClipboardSync\src\client\client_app.h">
      <Filter>ClipboardSync\src\client</Filter>
    </ClInclude>
    <ClInclude Include="..\..\..\src\umutech\ClipboardSync\src\client\client_session.h">
      <Filter>ClipboardSync\src\client</Filter>
    </ClInclude>
    <ClInclude Include="..\..\..\src\umutech\ClipboardSync\src\client\clipboard_client.h">
      <Filter>ClipboardSync\src\client</Filter>
    </ClInclude>
    <ClInclude Include="..\..\..\src\umutech\ClipboardSync\src\server\clipboard_service.h">
      <Filter>ClipboardSync\src\server</Filter>
    </ClInclude>
    <ClInclude Include="..\..\..\src\umutech\ClipboardSync\src\server\server_app.h">
      <Filter>ClipboardSync\src\server</Filter>
    </ClInclude>
    <ClInclude Include="..\..\..\src\umutech\ClipboardSync\src\server\service.h">
      <Filter>ClipboardSync\src\server</Filter>
    </ClInclude>
    <ClInclude Include="..\..\..\src\umutech\ClipboardSync\src\server\session.h">
      <Filter>ClipboardSync\src\server</Filter>
    </ClInclude>
    <ClInclude Include="..\..\..\src\umutech\ClipboardSync\src\app_log.h">
      <Filter>ClipboardSync\src</Filter>
    </ClInclude>
    <ClInclude Include="..\..\..\src\umutech\ClipboardSync\src\net.hpp">
      <Filter>ClipboardSync\src</Filter>
    </ClInclude>
    <ClInclude Include="..\..\..\src\umutech\ClipboardSync\src\protocol.h">
      <Filter>ClipboardSync\src</Filter>
    </ClInclude>
    <ClInclude Include="..\..\..\src\third_party\FreeRDP\client\cliprdr.h">
      <Filter>third_party\FreeRDP\client</Filter>
    </ClInclude>
    <ClInclude Include="..\..\..\src\umutech\ClipboardSync\res\resource.h">
      <Filter>ClipboardSync\res</Filter>
    </ClInclude>
    <ClInclude Include="..\..\..\src\umutech\ClipboardSync\src\io_runner.h">
      <Filter>ClipboardSync\src</Filter>
    </ClInclude>
    <ClInclude Include="..\..\..\src\umutech\ClipboardSync\src\client\root_certificates.h">
      <Filter>ClipboardSync\src\client</Filter>
    </ClInclude>
    <ClInclude Include="..\..\..\src\umutech\ClipboardSync\src\utils.h">
      <Filter>ClipboardSync\src</Filter>
    </ClInclude>
    <ClInclude Include="..\..\..\src\umutech\ClipboardSync\src\clipboard_redirector.h">
      <Filter>ClipboardSync\src</Filter>
    </ClInclude>
  </ItemGroup>
  <ItemGroup>
    <None Include="..\..\..\src\umutech\ClipboardSync\pb\clipboard.proto">
      <Filter>ClipboardSync\pb</Filter>
    </None>
    <None Include="..\..\..\src\umutech\ClipboardSync\pb\regame_desk.proto">
      <Filter>ClipboardSync\pb</Filter>
    </None>
  </ItemGroup>
  <ItemGroup>
    <ResourceCompile Include="..\..\..\src\umutech\ClipboardSync\res\ClipboardSync.rc">
      <Filter>ClipboardSync\res</Filter>
    </ResourceCompile>
  </ItemGroup>
</Project>